
Microsoft Visual Studio Solution File, Format Version 12.00
# Visual Studio 15
VisualStudioVersion = 15.0.28010.2026
MinimumVisualStudioVersion = 10.0.40219.1
Project("{FAE04EC0-301F-11D3-BF4B-00C04F79EFBC}") = "FlyWeight", "FlyWeight\FlyWeight.csproj", "{119EBF7D-5E6F-4186-A6A0-F6141C10BF33}"
EndProject
Project("{FAE04EC0-301F-11D3-BF4B-00C04F79EFBC}") = "UserTestFixture", "UserTestFixture\UserTestFixture.csproj", "{151CAB2D-3D95-43DC-A545-A7C0E231B5F5}"
EndProject
Global
	GlobalSection(SolutionConfigurationPlatforms) = preSolution
		Debug|Any CPU = Debug|Any CPU
		Release|Any CPU = Release|Any CPU
	EndGlobalSection
	GlobalSection(ProjectConfigurationPlatforms) = postSolution
		{119EBF7D-5E6F-4186-A6A0-F6141C10BF33}.Debug|Any CPU.ActiveCfg = Debug|Any CPU
		{119EBF7D-5E6F-4186-A6A0-F6141C10BF33}.Debug|Any CPU.Build.0 = Debug|Any CPU
		{119EBF7D-5E6F-4186-A6A0-F6141C10BF33}.Release|Any CPU.ActiveCfg = Release|Any CPU
		{119EBF7D-5E6F-4186-A6A0-F6141C10BF33}.Release|Any CPU.Build.0 = Release|Any CPU
		{151CAB2D-3D95-43DC-A545-A7C0E231B5F5}.Debug|Any CPU.ActiveCfg = Debug|Any CPU
		{151CAB2D-3D95-43DC-A545-A7C0E231B5F5}.Debug|Any CPU.Build.0 = Debug|Any CPU
		{151CAB2D-3D95-43DC-A545-A7C0E231B5F5}.Release|Any CPU.ActiveCfg = Release|Any CPU
		{151CAB2D-3D95-43DC-A545-A7C0E231B5F5}.Release|Any CPU.Build.0 = Release|Any CPU
	EndGlobalSection
	GlobalSection(SolutionProperties) = preSolution
		HideSolutionNode = FALSE
	EndGlobalSection
	GlobalSection(ExtensibilityGlobals) = postSolution
		SolutionGuid = {082AF338-A359-4791-976C-2068BF02E52D}
	EndGlobalSection
EndGlobal
