
Microsoft Visual Studio Solution File, Format Version 12.00
# Visual Studio 15
VisualStudioVersion = 15.0.28010.2026
MinimumVisualStudioVersion = 10.0.40219.1
Project("{9A19103F-16F7-4668-BE54-9A1E7A4F7556}") = "Prototype", "Prototype\Prototype.csproj", "{65D360EC-9D8D-404A-89F1-4072A77BD20F}"
EndProject
Project("{FAE04EC0-301F-11D3-BF4B-00C04F79EFBC}") = "PrototypePractise", "PrototypePractise\PrototypePractise.csproj", "{2F007B16-3CB6-46A7-BDC6-E66CF0DDF187}"
EndProject
Global
	GlobalSection(SolutionConfigurationPlatforms) = preSolution
		Debug|Any CPU = Debug|Any CPU
		Release|Any CPU = Release|Any CPU
	EndGlobalSection
	GlobalSection(ProjectConfigurationPlatforms) = postSolution
		{65D360EC-9D8D-404A-89F1-4072A77BD20F}.Debug|Any CPU.ActiveCfg = Debug|Any CPU
		{65D360EC-9D8D-404A-89F1-4072A77BD20F}.Debug|Any CPU.Build.0 = Debug|Any CPU
		{65D360EC-9D8D-404A-89F1-4072A77BD20F}.Release|Any CPU.ActiveCfg = Release|Any CPU
		{65D360EC-9D8D-404A-89F1-4072A77BD20F}.Release|Any CPU.Build.0 = Release|Any CPU
		{2F007B16-3CB6-46A7-BDC6-E66CF0DDF187}.Debug|Any CPU.ActiveCfg = Debug|Any CPU
		{2F007B16-3CB6-46A7-BDC6-E66CF0DDF187}.Debug|Any CPU.Build.0 = Debug|Any CPU
		{2F007B16-3CB6-46A7-BDC6-E66CF0DDF187}.Release|Any CPU.ActiveCfg = Release|Any CPU
		{2F007B16-3CB6-46A7-BDC6-E66CF0DDF187}.Release|Any CPU.Build.0 = Release|Any CPU
	EndGlobalSection
	GlobalSection(SolutionProperties) = preSolution
		HideSolutionNode = FALSE
	EndGlobalSection
	GlobalSection(ExtensibilityGlobals) = postSolution
		SolutionGuid = {EBA7D229-2F7D-4469-BE28-75F9690FAEDA}
	EndGlobalSection
EndGlobal
