
Microsoft Visual Studio Solution File, Format Version 12.00
# Visual Studio 15
VisualStudioVersion = 15.0.28010.2026
MinimumVisualStudioVersion = 10.0.40219.1
Project("{FAE04EC0-301F-11D3-BF4B-00C04F79EFBC}") = "Visitor", "Visitor\Visitor.csproj", "{421FF0B1-43B4-4425-B137-7587579AC4F4}"
EndProject
Global
	GlobalSection(SolutionConfigurationPlatforms) = preSolution
		Debug|Any CPU = Debug|Any CPU
		Release|Any CPU = Release|Any CPU
	EndGlobalSection
	GlobalSection(ProjectConfigurationPlatforms) = postSolution
		{421FF0B1-43B4-4425-B137-7587579AC4F4}.Debug|Any CPU.ActiveCfg = Debug|Any CPU
		{421FF0B1-43B4-4425-B137-7587579AC4F4}.Debug|Any CPU.Build.0 = Debug|Any CPU
		{421FF0B1-43B4-4425-B137-7587579AC4F4}.Release|Any CPU.ActiveCfg = Release|Any CPU
		{421FF0B1-43B4-4425-B137-7587579AC4F4}.Release|Any CPU.Build.0 = Release|Any CPU
	EndGlobalSection
	GlobalSection(SolutionProperties) = preSolution
		HideSolutionNode = FALSE
	EndGlobalSection
	GlobalSection(ExtensibilityGlobals) = postSolution
		SolutionGuid = {0240DF8A-22F0-4223-820B-6BC1CE955AAF}
	EndGlobalSection
EndGlobal
